# This file is automatically @generated by Poetry 2.1.3 and should not be changed by hand.

[[package]]
name = "colorama"
version = "0.4.6"
description = "Cross-platform colored terminal text."
optional = false
python-versions = "!=3.0.*,!=3.1.*,!=3.2.*,!=3.3.*,!=3.4.*,!=3.5.*,!=3.6.*,>=2.7"
groups = ["main", "dev"]
markers = "sys_platform == \"win32\""
files = [
    {file = "colorama-0.4.6-py2.py3-none-any.whl", hash = "sha256:4f1d9991f5acc0ca119f9d443620b77f9d6b33703e51011c16baf57afb285fc6"},
    {file = "colorama-0.4.6.tar.gz", hash = "sha256:08695f5cb7ed6e0531a20572697297273c47b8cae5a63ffc6d6ed5c201be6e44"},
]

[[package]]
name = "exceptiongroup"
version = "1.3.0"
description = "Backport of PEP 654 (exception groups)"
optional = false
python-versions = ">=3.7"
groups = ["dev"]
markers = "python_version == \"3.10\""
files = [
    {file = "exceptiongroup-1.3.0-py3-none-any.whl", hash = "sha256:4d111e6e0c13d0644cad6ddaa7ed0261a0b36971f6d23e7ec9b4b9097da78a10"},
    {file = "exceptiongroup-1.3.0.tar.gz", hash = "sha256:b241f5885f560bc56a59ee63ca4c6a8bfa46ae4ad651af316d4e81817bb9fd88"},
]

[package.dependencies]
typing-extensions = {version = ">=4.6.0", markers = "python_version < \"3.13\""}

[package.extras]
test = ["pytest (>=6)"]

[[package]]
name = "fasteners"
version = "0.19"
description = "A python package that provides useful locks"
optional = false
python-versions = ">=3.6"
groups = ["main"]
files = [
    {file = "fasteners-0.19-py3-none-any.whl", hash = "sha256:758819cb5d94cdedf4e836988b74de396ceacb8e2794d21f82d131fd9ee77237"},
    {file = "fasteners-0.19.tar.gz", hash = "sha256:b4f37c3ac52d8a445af3a66bce57b33b5e90b97c696b7b984f530cf8f0ded09c"},
]

[[package]]
name = "iniconfig"
version = "2.1.0"
description = "brain-dead simple config-ini parsing"
optional = false
python-versions = ">=3.8"
groups = ["dev"]
files = [
    {file = "iniconfig-2.1.0-py3-none-any.whl", hash = "sha256:9deba5723312380e77435581c6bf4935c94cbfab9b1ed33ef8d238ea168eb760"},
    {file = "iniconfig-2.1.0.tar.gz", hash = "sha256:3abbd2e30b36733fee78f9c7f7308f2d0050e88f0087fd25c2645f63c773e1c7"},
]

[[package]]
name = "loguru"
version = "0.7.3"
description = "Python logging made (stupidly) simple"
optional = false
python-versions = "<4.0,>=3.5"
groups = ["main"]
files = [
    {file = "loguru-0.7.3-py3-none-any.whl", hash = "sha256:31a33c10c8e1e10422bfd431aeb5d351c7cf7fa671e3c4df004162264b28220c"},
    {file = "loguru-0.7.3.tar.gz", hash = "sha256:19480589e77d47b8d85b2c827ad95d49bf31b0dcde16593892eb51dd18706eb6"},
]

[package.dependencies]
colorama = {version = ">=0.3.4", markers = "sys_platform == \"win32\""}
win32-setctime = {version = ">=1.0.0", markers = "sys_platform == \"win32\""}

[package.extras]
dev = ["Sphinx (==8.1.3) ; python_version >= \"3.11\"", "build (==1.2.2) ; python_version >= \"3.11\"", "colorama (==0.4.5) ; python_version < \"3.8\"", "colorama (==0.4.6) ; python_version >= \"3.8\"", "exceptiongroup (==1.1.3) ; python_version >= \"3.7\" and python_version < \"3.11\"", "freezegun (==1.1.0) ; python_version < \"3.8\"", "freezegun (==1.5.0) ; python_version >= \"3.8\"", "mypy (==v0.910) ; python_version < \"3.6\"", "mypy (==v0.971) ; python_version == \"3.6\"", "mypy (==v1.13.0) ; python_version >= \"3.8\"", "mypy (==v1.4.1) ; python_version == \"3.7\"", "myst-parser (==4.0.0) ; python_version >= \"3.11\"", "pre-commit (==4.0.1) ; python_version >= \"3.9\"", "pytest (==6.1.2) ; python_version < \"3.8\"", "pytest (==8.3.2) ; python_version >= \"3.8\"", "pytest-cov (==2.12.1) ; python_version < \"3.8\"", "pytest-cov (==5.0.0) ; python_version == \"3.8\"", "pytest-cov (==6.0.0) ; python_version >= \"3.9\"", "pytest-mypy-plugins (==1.9.3) ; python_version >= \"3.6\" and python_version < \"3.8\"", "pytest-mypy-plugins (==3.1.0) ; python_version >= \"3.8\"", "sphinx-rtd-theme (==3.0.2) ; python_version >= \"3.11\"", "tox (==3.27.1) ; python_version < \"3.8\"", "tox (==4.23.2) ; python_version >= \"3.8\"", "twine (==6.0.1) ; python_version >= \"3.11\""]

[[package]]
name = "packaging"
version = "25.0"
description = "Core utilities for Python packages"
optional = false
python-versions = ">=3.8"
groups = ["dev"]
files = [
    {file = "packaging-25.0-py3-none-any.whl", hash = "sha256:29572ef2b1f17581046b3a2227d5c611fb25ec70ca1ba8554b24b0e69331a484"},
    {file = "packaging-25.0.tar.gz", hash = "sha256:d443872c98d677bf60f6a1f2f8c1cb748e8fe762d2bf9d3148b5599295b0fc4f"},
]

[[package]]
name = "pluggy"
version = "1.6.0"
description = "plugin and hook calling mechanisms for python"
optional = false
python-versions = ">=3.9"
groups = ["dev"]
files = [
    {file = "pluggy-1.6.0-py3-none-any.whl", hash = "sha256:e920276dd6813095e9377c0bc5566d94c932c33b27a3e3945d8389c374dd4746"},
    {file = "pluggy-1.6.0.tar.gz", hash = "sha256:7dcc130b76258d33b90f61b658791dede3486c3e6bfb003ee5c9bfb396dd22f3"},
]

[package.extras]
dev = ["pre-commit", "tox"]
testing = ["coverage", "pytest", "pytest-benchmark"]

[[package]]
name = "psutil"
version = "7.0.0"
description = "Cross-platform lib for process and system monitoring in Python.  NOTE: the syntax of this script MUST be kept compatible with Python 2.7."
optional = false
python-versions = ">=3.6"
groups = ["main"]
files = [
    {file = "psutil-7.0.0-cp36-abi3-macosx_10_9_x86_64.whl", hash = "sha256:101d71dc322e3cffd7cea0650b09b3d08b8e7c4109dd6809fe452dfd00e58b25"},
    {file = "psutil-7.0.0-cp36-abi3-macosx_11_0_arm64.whl", hash = "sha256:39db632f6bb862eeccf56660871433e111b6ea58f2caea825571951d4b6aa3da"},
    {file = "psutil-7.0.0-cp36-abi3-manylinux_2_12_i686.manylinux2010_i686.manylinux_2_17_i686.manylinux2014_i686.whl", hash = "sha256:1fcee592b4c6f146991ca55919ea3d1f8926497a713ed7faaf8225e174581e91"},
    {file = "psutil-7.0.0-cp36-abi3-manylinux_2_12_x86_64.manylinux2010_x86_64.manylinux_2_17_x86_64.manylinux2014_x86_64.whl", hash = "sha256:4b1388a4f6875d7e2aff5c4ca1cc16c545ed41dd8bb596cefea80111db353a34"},
    {file = "psutil-7.0.0-cp36-abi3-manylinux_2_17_aarch64.manylinux2014_aarch64.whl", hash = "sha256:a5f098451abc2828f7dc6b58d44b532b22f2088f4999a937557b603ce72b1993"},
    {file = "psutil-7.0.0-cp36-cp36m-win32.whl", hash = "sha256:84df4eb63e16849689f76b1ffcb36db7b8de703d1bc1fe41773db487621b6c17"},
    {file = "psutil-7.0.0-cp36-cp36m-win_amd64.whl", hash = "sha256:1e744154a6580bc968a0195fd25e80432d3afec619daf145b9e5ba16cc1d688e"},
    {file = "psutil-7.0.0-cp37-abi3-win32.whl", hash = "sha256:ba3fcef7523064a6c9da440fc4d6bd07da93ac726b5733c29027d7dc95b39d99"},
    {file = "psutil-7.0.0-cp37-abi3-win_amd64.whl", hash = "sha256:4cf3d4eb1aa9b348dec30105c55cd9b7d4629285735a102beb4441e38db90553"},
    {file = "psutil-7.0.0.tar.gz", hash = "sha256:7be9c3eba38beccb6495ea33afd982a44074b78f28c434a1f51cc07fd315c456"},
]

[package.extras]
dev = ["abi3audit", "black (==24.10.0)", "check-manifest", "coverage", "packaging", "pylint", "pyperf", "pypinfo", "pytest", "pytest-cov", "pytest-xdist", "requests", "rstcheck", "ruff", "setuptools", "sphinx", "sphinx_rtd_theme", "toml-sort", "twine", "virtualenv", "vulture", "wheel"]
test = ["pytest", "pytest-xdist", "setuptools"]

[[package]]
name = "pygments"
version = "2.19.1"
description = "Pygments is a syntax highlighting package written in Python."
optional = false
python-versions = ">=3.8"
groups = ["dev"]
files = [
    {file = "pygments-2.19.1-py3-none-any.whl", hash = "sha256:9ea1544ad55cecf4b8242fab6dd35a93bbce657034b0611ee383099054ab6d8c"},
    {file = "pygments-2.19.1.tar.gz", hash = "sha256:61c16d2a8576dc0649d9f39e089b5f02bcd27fba10d8fb4dcc28173f7a45151f"},
]

[package.extras]
windows-terminal = ["colorama (>=0.4.6)"]

[[package]]
name = "pytest"
version = "8.4.0"
description = "pytest: simple powerful testing with Python"
optional = false
python-versions = ">=3.9"
groups = ["dev"]
files = [
    {file = "pytest-8.4.0-py3-none-any.whl", hash = "sha256:f40f825768ad76c0977cbacdf1fd37c6f7a468e460ea6a0636078f8972d4517e"},
    {file = "pytest-8.4.0.tar.gz", hash = "sha256:14d920b48472ea0dbf68e45b96cd1ffda4705f33307dcc86c676c1b5104838a6"},
]

[package.dependencies]
colorama = {version = ">=0.4", markers = "sys_platform == \"win32\""}
exceptiongroup = {version = ">=1", markers = "python_version < \"3.11\""}
iniconfig = ">=1"
packaging = ">=20"
pluggy = ">=1.5,<2"
pygments = ">=2.7.2"
tomli = {version = ">=1", markers = "python_version < \"3.11\""}

[package.extras]
dev = ["argcomplete", "attrs (>=19.2)", "hypothesis (>=3.56)", "mock", "requests", "setuptools", "xmlschema"]

[[package]]
name = "pytest-mock"
version = "3.14.1"
description = "Thin-wrapper around the mock package for easier use with pytest"
optional = false
python-versions = ">=3.8"
groups = ["dev"]
files = [
    {file = "pytest_mock-3.14.1-py3-none-any.whl", hash = "sha256:178aefcd11307d874b4cd3100344e7e2d888d9791a6a1d9bfe90fbc1b74fd1d0"},
    {file = "pytest_mock-3.14.1.tar.gz", hash = "sha256:159e9edac4c451ce77a5cdb9fc5d1100708d2dd4ba3c3df572f14097351af80e"},
]

[package.dependencies]
pytest = ">=6.2.5"

[package.extras]
dev = ["pre-commit", "pytest-asyncio", "tox"]

[[package]]
name = "setproctitle"
version = "1.3.6"
description = "A Python module to customize the process title"
optional = false
python-versions = ">=3.8"
groups = ["main"]
files = [
    {file = "setproctitle-1.3.6-cp310-cp310-macosx_10_9_universal2.whl", hash = "sha256:ebcf34b69df4ca0eabaaaf4a3d890f637f355fed00ba806f7ebdd2d040658c26"},
    {file = "setproctitle-1.3.6-cp310-cp310-macosx_11_0_arm64.whl", hash = "sha256:1aa1935aa2195b76f377e5cb018290376b7bf085f0b53f5a95c0c21011b74367"},
    {file = "setproctitle-1.3.6-cp310-cp310-manylinux_2_17_aarch64.manylinux2014_aarch64.whl", hash = "sha256:13624d9925bb481bc0ccfbc7f533da38bfbfe6e80652314f789abc78c2e513bd"},
    {file = "setproctitle-1.3.6-cp310-cp310-manylinux_2_17_ppc64le.manylinux2014_ppc64le.whl", hash = "sha256:97a138fa875c6f281df7720dac742259e85518135cd0e3551aba1c628103d853"},
    {file = "setproctitle-1.3.6-cp310-cp310-manylinux_2_5_i686.manylinux1_i686.manylinux_2_17_i686.manylinux2014_i686.whl", hash = "sha256:c86e9e82bfab579327dbe9b82c71475165fbc8b2134d24f9a3b2edaf200a5c3d"},
    {file = "setproctitle-1.3.6-cp310-cp310-manylinux_2_5_x86_64.manylinux1_x86_64.manylinux_2_17_x86_64.manylinux2014_x86_64.whl", hash = "sha256:6af330ddc2ec05a99c3933ab3cba9365357c0b8470a7f2fa054ee4b0984f57d1"},
    {file = "setproctitle-1.3.6-cp310-cp310-musllinux_1_2_aarch64.whl", hash = "sha256:109fc07b1cd6cef9c245b2028e3e98e038283342b220def311d0239179810dbe"},
    {file = "setproctitle-1.3.6-cp310-cp310-musllinux_1_2_i686.whl", hash = "sha256:7df5fcc48588f82b6cc8073db069609ddd48a49b1e9734a20d0efb32464753c4"},
    {file = "setproctitle-1.3.6-cp310-cp310-musllinux_1_2_ppc64le.whl", hash = "sha256:2407955dc359d735a20ac6e797ad160feb33d529a2ac50695c11a1ec680eafab"},
    {file = "setproctitle-1.3.6-cp310-cp310-musllinux_1_2_x86_64.whl", hash = "sha256:38ca045626af693da042ac35d7332e7b9dbd52e6351d6973b310612e3acee6d6"},
    {file = "setproctitle-1.3.6-cp310-cp310-win32.whl", hash = "sha256:9483aa336687463f5497dd37a070094f3dff55e2c888994f8440fcf426a1a844"},
    {file = "setproctitle-1.3.6-cp310-cp310-win_amd64.whl", hash = "sha256:4efc91b437f6ff2578e89e3f17d010c0a0ff01736606473d082913ecaf7859ba"},
    {file = "setproctitle-1.3.6-cp311-cp311-macosx_10_9_universal2.whl", hash = "sha256:a1d856b0f4e4a33e31cdab5f50d0a14998f3a2d726a3fd5cb7c4d45a57b28d1b"},
    {file = "setproctitle-1.3.6-cp311-cp311-macosx_11_0_arm64.whl", hash = "sha256:50706b9c0eda55f7de18695bfeead5f28b58aa42fd5219b3b1692d554ecbc9ec"},
    {file = "setproctitle-1.3.6-cp311-cp311-manylinux_2_17_aarch64.manylinux2014_aarch64.whl", hash = "sha256:af188f3305f0a65c3217c30c6d4c06891e79144076a91e8b454f14256acc7279"},
    {file = "setproctitle-1.3.6-cp311-cp311-manylinux_2_17_ppc64le.manylinux2014_ppc64le.whl", hash = "sha256:cce0ed8b3f64c71c140f0ec244e5fdf8ecf78ddf8d2e591d4a8b6aa1c1214235"},
    {file = "setproctitle-1.3.6-cp311-cp311-manylinux_2_5_i686.manylinux1_i686.manylinux_2_17_i686.manylinux2014_i686.whl", hash = "sha256:70100e2087fe05359f249a0b5f393127b3a1819bf34dec3a3e0d4941138650c9"},
    {file = "setproctitle-1.3.6-cp311-cp311-manylinux_2_5_x86_64.manylinux1_x86_64.manylinux_2_17_x86_64.manylinux2014_x86_64.whl", hash = "sha256:1065ed36bd03a3fd4186d6c6de5f19846650b015789f72e2dea2d77be99bdca1"},
    {file = "setproctitle-1.3.6-cp311-cp311-musllinux_1_2_aarch64.whl", hash = "sha256:4adf6a0013fe4e0844e3ba7583ec203ca518b9394c6cc0d3354df2bf31d1c034"},
    {file = "setproctitle-1.3.6-cp311-cp311-musllinux_1_2_i686.whl", hash = "sha256:eb7452849f6615871eabed6560ffedfe56bc8af31a823b6be4ce1e6ff0ab72c5"},
    {file = "setproctitle-1.3.6-cp311-cp311-musllinux_1_2_ppc64le.whl", hash = "sha256:a094b7ce455ca341b59a0f6ce6be2e11411ba6e2860b9aa3dbb37468f23338f4"},
    {file = "setproctitle-1.3.6-cp311-cp311-musllinux_1_2_x86_64.whl", hash = "sha256:ad1c2c2baaba62823a7f348f469a967ece0062140ca39e7a48e4bbb1f20d54c4"},
    {file = "setproctitle-1.3.6-cp311-cp311-win32.whl", hash = "sha256:8050c01331135f77ec99d99307bfbc6519ea24d2f92964b06f3222a804a3ff1f"},
    {file = "setproctitle-1.3.6-cp311-cp311-win_amd64.whl", hash = "sha256:9b73cf0fe28009a04a35bb2522e4c5b5176cc148919431dcb73fdbdfaab15781"},
    {file = "setproctitle-1.3.6-cp312-cp312-macosx_10_13_universal2.whl", hash = "sha256:af44bb7a1af163806bbb679eb8432fa7b4fb6d83a5d403b541b675dcd3798638"},
    {file = "setproctitle-1.3.6-cp312-cp312-macosx_11_0_arm64.whl", hash = "sha256:3cca16fd055316a48f0debfcbfb6af7cea715429fc31515ab3fcac05abd527d8"},
    {file = "setproctitle-1.3.6-cp312-cp312-manylinux_2_17_aarch64.manylinux2014_aarch64.whl", hash = "sha256:ea002088d5554fd75e619742cefc78b84a212ba21632e59931b3501f0cfc8f67"},
    {file = "setproctitle-1.3.6-cp312-cp312-manylinux_2_17_ppc64le.manylinux2014_ppc64le.whl", hash = "sha256:bb465dd5825356c1191a038a86ee1b8166e3562d6e8add95eec04ab484cfb8a2"},
    {file = "setproctitle-1.3.6-cp312-cp312-manylinux_2_5_i686.manylinux1_i686.manylinux_2_17_i686.manylinux2014_i686.whl", hash = "sha256:d2c8e20487b3b73c1fa72c56f5c89430617296cd380373e7af3a538a82d4cd6d"},
    {file = "setproctitle-1.3.6-cp312-cp312-manylinux_2_5_x86_64.manylinux1_x86_64.manylinux_2_17_x86_64.manylinux2014_x86_64.whl", hash = "sha256:a0d6252098e98129a1decb59b46920d4eca17b0395f3d71b0d327d086fefe77d"},
    {file = "setproctitle-1.3.6-cp312-cp312-musllinux_1_2_aarch64.whl", hash = "sha256:cf355fbf0d4275d86f9f57be705d8e5eaa7f8ddb12b24ced2ea6cbd68fdb14dc"},
    {file = "setproctitle-1.3.6-cp312-cp312-musllinux_1_2_i686.whl", hash = "sha256:e288f8a162d663916060beb5e8165a8551312b08efee9cf68302687471a6545d"},
    {file = "setproctitle-1.3.6-cp312-cp312-musllinux_1_2_ppc64le.whl", hash = "sha256:b2e54f4a2dc6edf0f5ea5b1d0a608d2af3dcb5aa8c8eeab9c8841b23e1b054fe"},
    {file = "setproctitle-1.3.6-cp312-cp312-musllinux_1_2_x86_64.whl", hash = "sha256:b6f4abde9a2946f57e8daaf1160b2351bcf64274ef539e6675c1d945dbd75e2a"},
    {file = "setproctitle-1.3.6-cp312-cp312-win32.whl", hash = "sha256:db608db98ccc21248370d30044a60843b3f0f3d34781ceeea67067c508cd5a28"},
    {file = "setproctitle-1.3.6-cp312-cp312-win_amd64.whl", hash = "sha256:082413db8a96b1f021088e8ec23f0a61fec352e649aba20881895815388b66d3"},
    {file = "setproctitle-1.3.6-cp313-cp313-macosx_10_13_universal2.whl", hash = "sha256:e2a9e62647dc040a76d55563580bf3bb8fe1f5b6ead08447c2ed0d7786e5e794"},
    {file = "setproctitle-1.3.6-cp313-cp313-macosx_11_0_arm64.whl", hash = "sha256:751ba352ed922e0af60458e961167fa7b732ac31c0ddd1476a2dfd30ab5958c5"},
    {file = "setproctitle-1.3.6-cp313-cp313-manylinux_2_17_aarch64.manylinux2014_aarch64.whl", hash = "sha256:7890e291bf4708e3b61db9069ea39b3ab0651e42923a5e1f4d78a7b9e4b18301"},
    {file = "setproctitle-1.3.6-cp313-cp313-manylinux_2_17_ppc64le.manylinux2014_ppc64le.whl", hash = "sha256:b2b17855ed7f994f3f259cf2dfbfad78814538536fa1a91b50253d84d87fd88d"},
    {file = "setproctitle-1.3.6-cp313-cp313-manylinux_2_5_i686.manylinux1_i686.manylinux_2_17_i686.manylinux2014_i686.whl", hash = "sha256:2e51ec673513465663008ce402171192a053564865c2fc6dc840620871a9bd7c"},
    {file = "setproctitle-1.3.6-cp313-cp313-manylinux_2_5_x86_64.manylinux1_x86_64.manylinux_2_17_x86_64.manylinux2014_x86_64.whl", hash = "sha256:63cc10352dc6cf35a33951656aa660d99f25f574eb78132ce41a85001a638aa7"},
    {file = "setproctitle-1.3.6-cp313-cp313-musllinux_1_2_aarch64.whl", hash = "sha256:0dba8faee2e4a96e934797c9f0f2d093f8239bf210406a99060b3eabe549628e"},
    {file = "setproctitle-1.3.6-cp313-cp313-musllinux_1_2_i686.whl", hash = "sha256:e3e44d08b61de0dd6f205528498f834a51a5c06689f8fb182fe26f3a3ce7dca9"},
    {file = "setproctitle-1.3.6-cp313-cp313-musllinux_1_2_ppc64le.whl", hash = "sha256:de004939fc3fd0c1200d26ea9264350bfe501ffbf46c8cf5dc7f345f2d87a7f1"},
    {file = "setproctitle-1.3.6-cp313-cp313-musllinux_1_2_x86_64.whl", hash = "sha256:3f8194b4d631b003a1176a75d1acd545e04b1f54b821638e098a93e6e62830ef"},
    {file = "setproctitle-1.3.6-cp313-cp313-win32.whl", hash = "sha256:d714e002dd3638170fe7376dc1b686dbac9cb712cde3f7224440af722cc9866a"},
    {file = "setproctitle-1.3.6-cp313-cp313-win_amd64.whl", hash = "sha256:b70c07409d465f3a8b34d52f863871fb8a00755370791d2bd1d4f82b3cdaf3d5"},
    {file = "setproctitle-1.3.6-cp313-cp313t-macosx_10_13_universal2.whl", hash = "sha256:23a57d3b8f1549515c2dbe4a2880ebc1f27780dc126c5e064167563e015817f5"},
    {file = "setproctitle-1.3.6-cp313-cp313t-macosx_11_0_arm64.whl", hash = "sha256:81c443310831e29fabbd07b75ebbfa29d0740b56f5907c6af218482d51260431"},
    {file = "setproctitle-1.3.6-cp313-cp313t-manylinux_2_17_aarch64.manylinux2014_aarch64.whl", hash = "sha256:d88c63bd395c787b0aa81d8bbc22c1809f311032ce3e823a6517b711129818e4"},
    {file = "setproctitle-1.3.6-cp313-cp313t-manylinux_2_17_ppc64le.manylinux2014_ppc64le.whl", hash = "sha256:d73f14b86d0e2858ece6bf5807c9889670e392c001d414b4293d0d9b291942c3"},
    {file = "setproctitle-1.3.6-cp313-cp313t-manylinux_2_5_i686.manylinux1_i686.manylinux_2_17_i686.manylinux2014_i686.whl", hash = "sha256:3393859eb8f19f5804049a685bf286cb08d447e28ba5c6d8543c7bf5500d5970"},
    {file = "setproctitle-1.3.6-cp313-cp313t-manylinux_2_5_x86_64.manylinux1_x86_64.manylinux_2_17_x86_64.manylinux2014_x86_64.whl", hash = "sha256:785cd210c0311d9be28a70e281a914486d62bfd44ac926fcd70cf0b4d65dff1c"},
    {file = "setproctitle-1.3.6-cp313-cp313t-musllinux_1_2_aarch64.whl", hash = "sha256:c051f46ed1e13ba8214b334cbf21902102807582fbfaf0fef341b9e52f0fafbf"},
    {file = "setproctitle-1.3.6-cp313-cp313t-musllinux_1_2_i686.whl", hash = "sha256:49498ebf68ca3e75321ffe634fcea5cc720502bfaa79bd6b03ded92ce0dc3c24"},
    {file = "setproctitle-1.3.6-cp313-cp313t-musllinux_1_2_ppc64le.whl", hash = "sha256:4431629c178193f23c538cb1de3da285a99ccc86b20ee91d81eb5f1a80e0d2ba"},
    {file = "setproctitle-1.3.6-cp313-cp313t-musllinux_1_2_x86_64.whl", hash = "sha256:d136fbf8ad4321716e44d6d6b3d8dffb4872626010884e07a1db54b7450836cf"},
    {file = "setproctitle-1.3.6-cp313-cp313t-win32.whl", hash = "sha256:d483cc23cc56ab32911ea0baa0d2d9ea7aa065987f47de847a0a93a58bf57905"},
    {file = "setproctitle-1.3.6-cp313-cp313t-win_amd64.whl", hash = "sha256:74973aebea3543ad033b9103db30579ec2b950a466e09f9c2180089e8346e0ec"},
    {file = "setproctitle-1.3.6-cp38-cp38-macosx_10_9_universal2.whl", hash = "sha256:3884002b3a9086f3018a32ab5d4e1e8214dd70695004e27b1a45c25a6243ad0b"},
    {file = "setproctitle-1.3.6-cp38-cp38-macosx_11_0_arm64.whl", hash = "sha256:6a1d3aa13acfe81f355b0ce4968facc7a19b0d17223a0f80c011a1dba8388f37"},
    {file = "setproctitle-1.3.6-cp38-cp38-manylinux_2_17_aarch64.manylinux2014_aarch64.whl", hash = "sha256:f24d5b9383318cbd1a5cd969377937d66cf0542f24aa728a4f49d9f98f9c0da8"},
    {file = "setproctitle-1.3.6-cp38-cp38-manylinux_2_17_ppc64le.manylinux2014_ppc64le.whl", hash = "sha256:a4ae2ea9afcfdd2b931ddcebf1cf82532162677e00326637b31ed5dff7d985ca"},
    {file = "setproctitle-1.3.6-cp38-cp38-manylinux_2_5_i686.manylinux1_i686.manylinux_2_17_i686.manylinux2014_i686.whl", hash = "sha256:805bb33e92fc3d8aa05674db3068d14d36718e3f2c5c79b09807203f229bf4b5"},
    {file = "setproctitle-1.3.6-cp38-cp38-manylinux_2_5_x86_64.manylinux1_x86_64.manylinux_2_17_x86_64.manylinux2014_x86_64.whl", hash = "sha256:c1b20a5f4164cec7007be55c9cf18d2cd08ed7c3bf6769b3cd6d044ad888d74b"},
    {file = "setproctitle-1.3.6-cp38-cp38-musllinux_1_2_aarch64.whl", hash = "sha256:793a23e8d9cb6c231aa3023d700008224c6ec5b8fd622d50f3c51665e3d0a190"},
    {file = "setproctitle-1.3.6-cp38-cp38-musllinux_1_2_i686.whl", hash = "sha256:57bc54763bf741813a99fbde91f6be138c8706148b7b42d3752deec46545d470"},
    {file = "setproctitle-1.3.6-cp38-cp38-musllinux_1_2_ppc64le.whl", hash = "sha256:b0174ca6f3018ddeaa49847f29b69612e590534c1d2186d54ab25161ecc42975"},
    {file = "setproctitle-1.3.6-cp38-cp38-musllinux_1_2_x86_64.whl", hash = "sha256:807796fe301b7ed76cf100113cc008c119daf4fea2f9f43c578002aef70c3ebf"},
    {file = "setproctitle-1.3.6-cp38-cp38-win32.whl", hash = "sha256:5313a4e9380e46ca0e2c681ba739296f9e7c899e6f4d12a6702b2dc9fb846a31"},
    {file = "setproctitle-1.3.6-cp38-cp38-win_amd64.whl", hash = "sha256:d5a6c4864bb6fa9fcf7b57a830d21aed69fd71742a5ebcdbafda476be673d212"},
    {file = "setproctitle-1.3.6-cp39-cp39-macosx_10_9_universal2.whl", hash = "sha256:391bb6a29c4fe7ccc9c30812e3744060802d89b39264cfa77f3d280d7f387ea5"},
    {file = "setproctitle-1.3.6-cp39-cp39-macosx_11_0_arm64.whl", hash = "sha256:156795b3db976611d09252fc80761fcdb65bb7c9b9581148da900851af25ecf4"},
    {file = "setproctitle-1.3.6-cp39-cp39-manylinux_2_17_aarch64.manylinux2014_aarch64.whl", hash = "sha256:cdd7315314b0744a7dd506f3bd0f2cf90734181529cdcf75542ee35ad885cab7"},
    {file = "setproctitle-1.3.6-cp39-cp39-manylinux_2_17_ppc64le.manylinux2014_ppc64le.whl", hash = "sha256:6d50bfcc1d1692dc55165b3dd2f0b9f8fb5b1f7b571a93e08d660ad54b9ca1a5"},
    {file = "setproctitle-1.3.6-cp39-cp39-manylinux_2_5_i686.manylinux1_i686.manylinux_2_17_i686.manylinux2014_i686.whl", hash = "sha256:163dba68f979c61e4e2e779c4d643e968973bdae7c33c3ec4d1869f7a9ba8390"},
    {file = "setproctitle-1.3.6-cp39-cp39-manylinux_2_5_x86_64.manylinux1_x86_64.manylinux_2_17_x86_64.manylinux2014_x86_64.whl", hash = "sha256:9d5a369eb7ec5b2fdfa9927530b5259dd21893fa75d4e04a223332f61b84b586"},
    {file = "setproctitle-1.3.6-cp39-cp39-musllinux_1_2_aarch64.whl", hash = "sha256:18d0667bafaaae4c1dee831e2e59841c411ff399b9b4766822ba2685d419c3be"},
    {file = "setproctitle-1.3.6-cp39-cp39-musllinux_1_2_i686.whl", hash = "sha256:f33fbf96b52d51c23b6cff61f57816539c1c147db270cfc1cc3bc012f4a560a9"},
    {file = "setproctitle-1.3.6-cp39-cp39-musllinux_1_2_ppc64le.whl", hash = "sha256:543f59601a4e32daf44741b52f9a23e0ee374f9f13b39c41d917302d98fdd7b0"},
    {file = "setproctitle-1.3.6-cp39-cp39-musllinux_1_2_x86_64.whl", hash = "sha256:2156d55308431ac3b3ec4e5e05b1726d11a5215352d6a22bb933171dee292f8c"},
    {file = "setproctitle-1.3.6-cp39-cp39-win32.whl", hash = "sha256:17d7c833ed6545ada5ac4bb606b86a28f13a04431953d4beac29d3773aa00b1d"},
    {file = "setproctitle-1.3.6-cp39-cp39-win_amd64.whl", hash = "sha256:2940cf13f4fc11ce69ad2ed37a9f22386bfed314b98d8aebfd4f55459aa59108"},
    {file = "setproctitle-1.3.6-pp310-pypy310_pp73-macosx_11_0_arm64.whl", hash = "sha256:3cde5b83ec4915cd5e6ae271937fd60d14113c8f7769b4a20d51769fe70d8717"},
    {file = "setproctitle-1.3.6-pp310-pypy310_pp73-manylinux_2_5_i686.manylinux1_i686.manylinux_2_17_i686.manylinux2014_i686.whl", hash = "sha256:797f2846b546a8741413c57d9fb930ad5aa939d925c9c0fa6186d77580035af7"},
    {file = "setproctitle-1.3.6-pp310-pypy310_pp73-manylinux_2_5_x86_64.manylinux1_x86_64.manylinux_2_17_x86_64.manylinux2014_x86_64.whl", hash = "sha256:4ac3eb04bcf0119aadc6235a2c162bae5ed5f740e3d42273a7228b915722de20"},
    {file = "setproctitle-1.3.6-pp310-pypy310_pp73-win_amd64.whl", hash = "sha256:0e6b5633c94c5111f7137f875e8f1ff48f53b991d5d5b90932f27dc8c1fa9ae4"},
    {file = "setproctitle-1.3.6-pp38-pypy38_pp73-macosx_11_0_arm64.whl", hash = "sha256:ded9e86397267732a0641d4776c7c663ea16b64d7dbc4d9cc6ad8536363a2d29"},
    {file = "setproctitle-1.3.6-pp38-pypy38_pp73-manylinux_2_5_i686.manylinux1_i686.manylinux_2_17_i686.manylinux2014_i686.whl", hash = "sha256:ae82507fe458f7c0c8227017f2158111a4c9e7ce94de05178894a7ea9fefc8a1"},
    {file = "setproctitle-1.3.6-pp38-pypy38_pp73-manylinux_2_5_x86_64.manylinux1_x86_64.manylinux_2_17_x86_64.manylinux2014_x86_64.whl", hash = "sha256:3fc97805f9d74444b027babff710bf39df1541437a6a585a983d090ae00cedde"},
    {file = "setproctitle-1.3.6-pp38-pypy38_pp73-win_amd64.whl", hash = "sha256:83066ffbf77a5f82b7e96e59bdccbdda203c8dccbfc3f9f0fdad3a08d0001d9c"},
    {file = "setproctitle-1.3.6-pp39-pypy39_pp73-macosx_11_0_arm64.whl", hash = "sha256:9b50700785eccac0819bea794d968ed8f6055c88f29364776b7ea076ac105c5d"},
    {file = "setproctitle-1.3.6-pp39-pypy39_pp73-manylinux_2_5_i686.manylinux1_i686.manylinux_2_17_i686.manylinux2014_i686.whl", hash = "sha256:92df0e70b884f5da35f2e01489dca3c06a79962fb75636985f1e3a17aec66833"},
    {file = "setproctitle-1.3.6-pp39-pypy39_pp73-manylinux_2_5_x86_64.manylinux1_x86_64.manylinux_2_17_x86_64.manylinux2014_x86_64.whl", hash = "sha256:8834ab7be6539f1bfadec7c8d12249bbbe6c2413b1d40ffc0ec408692232a0c6"},
    {file = "setproctitle-1.3.6-pp39-pypy39_pp73-win_amd64.whl", hash = "sha256:a5963b663da69ad25fa1559ee064584935570def665917918938c1f1289f5ebc"},
    {file = "setproctitle-1.3.6.tar.gz", hash = "sha256:c9f32b96c700bb384f33f7cf07954bb609d35dd82752cef57fb2ee0968409169"},
]

[package.extras]
test = ["pytest"]

[[package]]
name = "tomli"
version = "2.2.1"
description = "A lil' TOML parser"
optional = false
python-versions = ">=3.8"
groups = ["dev"]
markers = "python_version == \"3.10\""
files = [
    {file = "tomli-2.2.1-cp311-cp311-macosx_10_9_x86_64.whl", hash = "sha256:678e4fa69e4575eb77d103de3df8a895e1591b48e740211bd1067378c69e8249"},
    {file = "tomli-2.2.1-cp311-cp311-macosx_11_0_arm64.whl", hash = "sha256:023aa114dd824ade0100497eb2318602af309e5a55595f76b626d6d9f3b7b0a6"},
    {file = "tomli-2.2.1-cp311-cp311-manylinux_2_17_aarch64.manylinux2014_aarch64.whl", hash = "sha256:ece47d672db52ac607a3d9599a9d48dcb2f2f735c6c2d1f34130085bb12b112a"},
    {file = "tomli-2.2.1-cp311-cp311-manylinux_2_17_x86_64.manylinux2014_x86_64.whl", hash = "sha256:6972ca9c9cc9f0acaa56a8ca1ff51e7af152a9f87fb64623e31d5c83700080ee"},
    {file = "tomli-2.2.1-cp311-cp311-manylinux_2_5_i686.manylinux1_i686.manylinux_2_17_i686.manylinux2014_i686.whl", hash = "sha256:c954d2250168d28797dd4e3ac5cf812a406cd5a92674ee4c8f123c889786aa8e"},
    {file = "tomli-2.2.1-cp311-cp311-musllinux_1_2_aarch64.whl", hash = "sha256:8dd28b3e155b80f4d54beb40a441d366adcfe740969820caf156c019fb5c7ec4"},
    {file = "tomli-2.2.1-cp311-cp311-musllinux_1_2_i686.whl", hash = "sha256:e59e304978767a54663af13c07b3d1af22ddee3bb2fb0618ca1593e4f593a106"},
    {file = "tomli-2.2.1-cp311-cp311-musllinux_1_2_x86_64.whl", hash = "sha256:33580bccab0338d00994d7f16f4c4ec25b776af3ffaac1ed74e0b3fc95e885a8"},
    {file = "tomli-2.2.1-cp311-cp311-win32.whl", hash = "sha256:465af0e0875402f1d226519c9904f37254b3045fc5084697cefb9bdde1ff99ff"},
    {file = "tomli-2.2.1-cp311-cp311-win_amd64.whl", hash = "sha256:2d0f2fdd22b02c6d81637a3c95f8cd77f995846af7414c5c4b8d0545afa1bc4b"},
    {file = "tomli-2.2.1-cp312-cp312-macosx_10_13_x86_64.whl", hash = "sha256:4a8f6e44de52d5e6c657c9fe83b562f5f4256d8ebbfe4ff922c495620a7f6cea"},
    {file = "tomli-2.2.1-cp312-cp312-macosx_11_0_arm64.whl", hash = "sha256:8d57ca8095a641b8237d5b079147646153d22552f1c637fd3ba7f4b0b29167a8"},
    {file = "tomli-2.2.1-cp312-cp312-manylinux_2_17_aarch64.manylinux2014_aarch64.whl", hash = "sha256:4e340144ad7ae1533cb897d406382b4b6fede8890a03738ff1683af800d54192"},
    {file = "tomli-2.2.1-cp312-cp312-manylinux_2_17_x86_64.manylinux2014_x86_64.whl", hash = "sha256:db2b95f9de79181805df90bedc5a5ab4c165e6ec3fe99f970d0e302f384ad222"},
    {file = "tomli-2.2.1-cp312-cp312-manylinux_2_5_i686.manylinux1_i686.manylinux_2_17_i686.manylinux2014_i686.whl", hash = "sha256:40741994320b232529c802f8bc86da4e1aa9f413db394617b9a256ae0f9a7f77"},
    {file = "tomli-2.2.1-cp312-cp312-musllinux_1_2_aarch64.whl", hash = "sha256:400e720fe168c0f8521520190686ef8ef033fb19fc493da09779e592861b78c6"},
    {file = "tomli-2.2.1-cp312-cp312-musllinux_1_2_i686.whl", hash = "sha256:02abe224de6ae62c19f090f68da4e27b10af2b93213d36cf44e6e1c5abd19fdd"},
    {file = "tomli-2.2.1-cp312-cp312-musllinux_1_2_x86_64.whl", hash = "sha256:b82ebccc8c8a36f2094e969560a1b836758481f3dc360ce9a3277c65f374285e"},
    {file = "tomli-2.2.1-cp312-cp312-win32.whl", hash = "sha256:889f80ef92701b9dbb224e49ec87c645ce5df3fa2cc548664eb8a25e03127a98"},
    {file = "tomli-2.2.1-cp312-cp312-win_amd64.whl", hash = "sha256:7fc04e92e1d624a4a63c76474610238576942d6b8950a2d7f908a340494e67e4"},
    {file = "tomli-2.2.1-cp313-cp313-macosx_10_13_x86_64.whl", hash = "sha256:f4039b9cbc3048b2416cc57ab3bda989a6fcf9b36cf8937f01a6e731b64f80d7"},
    {file = "tomli-2.2.1-cp313-cp313-macosx_11_0_arm64.whl", hash = "sha256:286f0ca2ffeeb5b9bd4fcc8d6c330534323ec51b2f52da063b11c502da16f30c"},
    {file = "tomli-2.2.1-cp313-cp313-manylinux_2_17_aarch64.manylinux2014_aarch64.whl", hash = "sha256:a92ef1a44547e894e2a17d24e7557a5e85a9e1d0048b0b5e7541f76c5032cb13"},
    {file = "tomli-2.2.1-cp313-cp313-manylinux_2_17_x86_64.manylinux2014_x86_64.whl", hash = "sha256:9316dc65bed1684c9a98ee68759ceaed29d229e985297003e494aa825ebb0281"},
    {file = "tomli-2.2.1-cp313-cp313-manylinux_2_5_i686.manylinux1_i686.manylinux_2_17_i686.manylinux2014_i686.whl", hash = "sha256:e85e99945e688e32d5a35c1ff38ed0b3f41f43fad8df0bdf79f72b2ba7bc5272"},
    {file = "tomli-2.2.1-cp313-cp313-musllinux_1_2_aarch64.whl", hash = "sha256:ac065718db92ca818f8d6141b5f66369833d4a80a9d74435a268c52bdfa73140"},
    {file = "tomli-2.2.1-cp313-cp313-musllinux_1_2_i686.whl", hash = "sha256:d920f33822747519673ee656a4b6ac33e382eca9d331c87770faa3eef562aeb2"},
    {file = "tomli-2.2.1-cp313-cp313-musllinux_1_2_x86_64.whl", hash = "sha256:a198f10c4d1b1375d7687bc25294306e551bf1abfa4eace6650070a5c1ae2744"},
    {file = "tomli-2.2.1-cp313-cp313-win32.whl", hash = "sha256:d3f5614314d758649ab2ab3a62d4f2004c825922f9e370b29416484086b264ec"},
    {file = "tomli-2.2.1-cp313-cp313-win_amd64.whl", hash = "sha256:a38aa0308e754b0e3c67e344754dff64999ff9b513e691d0e786265c93583c69"},
    {file = "tomli-2.2.1-py3-none-any.whl", hash = "sha256:cb55c73c5f4408779d0cf3eef9f762b9c9f147a77de7b258bef0a5628adc85cc"},
    {file = "tomli-2.2.1.tar.gz", hash = "sha256:cd45e1dc79c835ce60f7404ec8119f2eb06d38b1deba146f07ced3bbc44505ff"},
]

[[package]]
name = "typing-extensions"
version = "4.14.0"
description = "Backported and Experimental Type Hints for Python 3.9+"
optional = false
python-versions = ">=3.9"
groups = ["dev"]
markers = "python_version == \"3.10\""
files = [
    {file = "typing_extensions-4.14.0-py3-none-any.whl", hash = "sha256:a1514509136dd0b477638fc68d6a91497af5076466ad0fa6c338e44e359944af"},
    {file = "typing_extensions-4.14.0.tar.gz", hash = "sha256:8676b788e32f02ab42d9e7c61324048ae4c6d844a399eebace3d4979d75ceef4"},
]

[[package]]
name = "win32-setctime"
version = "1.2.0"
description = "A small Python utility to set file creation time on Windows"
optional = false
python-versions = ">=3.5"
groups = ["main"]
markers = "sys_platform == \"win32\""
files = [
    {file = "win32_setctime-1.2.0-py3-none-any.whl", hash = "sha256:95d644c4e708aba81dc3704a116d8cbc974d70b3bdb8be1d150e36be6e9d1390"},
    {file = "win32_setctime-1.2.0.tar.gz", hash = "sha256:ae1fdf948f5640aae05c511ade119313fb6a30d7eabe25fef9764dca5873c4c0"},
]

[package.extras]
dev = ["black (>=19.3b0) ; python_version >= \"3.6\"", "pytest (>=4.6.2)"]

[metadata]
lock-version = "2.1"
python-versions = ">=3.10,<4.0"
content-hash = "6a397bce9da39a9758f2d2f6c1ed04188af1173cea45257fdfd8ba9e3a43edad"
